// !$*UTF8*$!
{
	archiveVersion = 1;
	classes = {
	};
	objectVersion = 46;
	objects = {

/* Begin PBXBuildFile section */
		09B8D1871F3ADD1E008501AA /* main.m in Sources */ = {isa = PBXBuildFile; fileRef = 09B8D1861F3ADD1E008501AA /* main.m */; };
		09B8D18A1F3ADD1E008501AA /* AppDelegate.m in Sources */ = {isa = PBXBuildFile; fileRef = 09B8D1891F3ADD1E008501AA /* AppDelegate.m */; };
		09B8D18D1F3ADD1E008501AA /* ViewController.m in Sources */ = {isa = PBXBuildFile; fileRef = 09B8D18C1F3ADD1E008501AA /* ViewController.m */; };
		09B8D1901F3ADD1E008501AA /* Main.storyboard in Resources */ = {isa = PBXBuildFile; fileRef = 09B8D18E1F3ADD1E008501AA /* Main.storyboard */; };
		09B8D1921F3ADD1E008501AA /* Assets.xcassets in Resources */ = {isa = PBXBuildFile; fileRef = 09B8D1911F3ADD1E008501AA /* Assets.xcassets */; };
		09B8D1951F3ADD1E008501AA /* LaunchScreen.storyboard in Resources */ = {isa = PBXBuildFile; fileRef = 09B8D1931F3ADD1E008501AA /* LaunchScreen.storyboard */; };
		09B8D1A01F3ADD1E008501AA /* LFWordViewTests.m in Sources */ = {isa = PBXBuildFile; fileRef = 09B8D19F1F3ADD1E008501AA /* LFWordViewTests.m */; };
		09B8D1AB1F3ADD1E008501AA /* LFWordViewUITests.m in Sources */ = {isa = PBXBuildFile; fileRef = 09B8D1AA1F3ADD1E008501AA /* LFWordViewUITests.m */; };
		09B8D1BA1F3AE1A6008501AA /* LFAddWordController.m in Sources */ = {isa = PBXBuildFile; fileRef = 09B8D1B91F3AE1A6008501AA /* LFAddWordController.m */; };
		09B8D1BD1F3AE1C5008501AA /* LFEditWordController.m in Sources */ = {isa = PBXBuildFile; fileRef = 09B8D1BC1F3AE1C5008501AA /* LFEditWordController.m */; };
		09B8D1C81F3AEA29008501AA /* LFToolBarView.m in Sources */ = {isa = PBXBuildFile; fileRef = 09B8D1C71F3AEA29008501AA /* LFToolBarView.m */; };
		09B8D1DF1F3AEEEA008501AA /* img.png in Resources */ = {isa = PBXBuildFile; fileRef = 09B8D1CA1F3AEEEA008501AA /* img.png */; };
		09B8D1E01F3AEEEA008501AA /* img@2x.png in Resources */ = {isa = PBXBuildFile; fileRef = 09B8D1CB1F3AEEEA008501AA /* img@2x.png */; };
		09B8D1E11F3AEEEA008501AA /* img@3x.png in Resources */ = {isa = PBXBuildFile; fileRef = 09B8D1CC1F3AEEEA008501AA /* img@3x.png */; };
		09B8D1E21F3AEEEA008501AA /* text-bold-active.png in Resources */ = {isa = PBXBuildFile; fileRef = 09B8D1CD1F3AEEEA008501AA /* text-bold-active.png */; };
		09B8D1E31F3AEEEA008501AA /* text-bold-active@2x.png in Resources */ = {isa = PBXBuildFile; fileRef = 09B8D1CE1F3AEEEA008501AA /* text-bold-active@2x.png */; };
		09B8D1E41F3AEEEA008501AA /* text-bold-active@3x.png in Resources */ = {isa = PBXBuildFile; fileRef = 09B8D1CF1F3AEEEA008501AA /* text-bold-active@3x.png */; };
		09B8D1E51F3AEEEA008501AA /* text-bold.png in Resources */ = {isa = PBXBuildFile; fileRef = 09B8D1D01F3AEEEA008501AA /* text-bold.png */; };
		09B8D1E61F3AEEEA008501AA /* text-bold@2x.png in Resources */ = {isa = PBXBuildFile; fileRef = 09B8D1D11F3AEEEA008501AA /* text-bold@2x.png */; };
		09B8D1E71F3AEEEA008501AA /* text-bold@3x.png in Resources */ = {isa = PBXBuildFile; fileRef = 09B8D1D21F3AEEEA008501AA /* text-bold@3x.png */; };
		09B8D1E81F3AEEEA008501AA /* text-color.png in Resources */ = {isa = PBXBuildFile; fileRef = 09B8D1D31F3AEEEA008501AA /* text-color.png */; };
		09B8D1E91F3AEEEA008501AA /* text-color@2x.png in Resources */ = {isa = PBXBuildFile; fileRef = 09B8D1D41F3AEEEA008501AA /* text-color@2x.png */; };
		09B8D1EA1F3AEEEA008501AA /* text-color@3x.png in Resources */ = {isa = PBXBuildFile; fileRef = 09B8D1D51F3AEEEA008501AA /* text-color@3x.png */; };
		09B8D1EB1F3AEEEA008501AA /* text-size.png in Resources */ = {isa = PBXBuildFile; fileRef = 09B8D1D61F3AEEEA008501AA /* text-size.png */; };
		09B8D1EC1F3AEEEA008501AA /* text-size@2x.png in Resources */ = {isa = PBXBuildFile; fileRef = 09B8D1D71F3AEEEA008501AA /* text-size@2x.png */; };
		09B8D1ED1F3AEEEA008501AA /* text-size@3x.png in Resources */ = {isa = PBXBuildFile; fileRef = 09B8D1D81F3AEEEA008501AA /* text-size@3x.png */; };
		09B8D1EE1F3AEEEA008501AA /* text-underline-active.png in Resources */ = {isa = PBXBuildFile; fileRef = 09B8D1D91F3AEEEA008501AA /* text-underline-active.png */; };
		09B8D1EF1F3AEEEA008501AA /* text-underline-active@2x.png in Resources */ = {isa = PBXBuildFile; fileRef = 09B8D1DA1F3AEEEA008501AA /* text-underline-active@2x.png */; };
		09B8D1F01F3AEEEA008501AA /* text-underline-active@3x.png in Resources */ = {isa = PBXBuildFile; fileRef = 09B8D1DB1F3AEEEA008501AA /* text-underline-active@3x.png */; };
		09B8D1F11F3AEEEA008501AA /* text-underline.png in Resources */ = {isa = PBXBuildFile; fileRef = 09B8D1DC1F3AEEEA008501AA /* text-underline.png */; };
		09B8D1F21F3AEEEA008501AA /* text-underline@2x.png in Resources */ = {isa = PBXBuildFile; fileRef = 09B8D1DD1F3AEEEA008501AA /* text-underline@2x.png */; };
		09B8D1F31F3AEEEA008501AA /* text-underline@3x.png in Resources */ = {isa = PBXBuildFile; fileRef = 09B8D1DE1F3AEEEA008501AA /* text-underline@3x.png */; };
		09C37F2D1F4D0B26003234C1 /* ZSSBarButtonItem.m in Sources */ = {isa = PBXBuildFile; fileRef = 09C37F261F4D0B26003234C1 /* ZSSBarButtonItem.m */; };
		09C37F2E1F4D0B26003234C1 /* ZSSFontsViewController.m in Sources */ = {isa = PBXBuildFile; fileRef = 09C37F281F4D0B26003234C1 /* ZSSFontsViewController.m */; };
		09C37F2F1F4D0B26003234C1 /* ZSSRichTextEditor.m in Sources */ = {isa = PBXBuildFile; fileRef = 09C37F2A1F4D0B26003234C1 /* ZSSRichTextEditor.m */; };
		09C37F301F4D0B26003234C1 /* ZSSTextView.m in Sources */ = {isa = PBXBuildFile; fileRef = 09C37F2C1F4D0B26003234C1 /* ZSSTextView.m */; };
		09D73AA41F452C250050ABA5 /* CYRLayoutManager.m in Sources */ = {isa = PBXBuildFile; fileRef = 09D73A901F452C250050ABA5 /* CYRLayoutManager.m */; };
		09D73AA51F452C250050ABA5 /* CYRTextStorage.m in Sources */ = {isa = PBXBuildFile; fileRef = 09D73A921F452C250050ABA5 /* CYRTextStorage.m */; };
		09D73AA61F452C250050ABA5 /* CYRTextView.m in Sources */ = {isa = PBXBuildFile; fileRef = 09D73A941F452C250050ABA5 /* CYRTextView.m */; };
		09D73AA71F452C250050ABA5 /* CYRToken.m in Sources */ = {isa = PBXBuildFile; fileRef = 09D73A961F452C250050ABA5 /* CYRToken.m */; };
		09D73AA81F452C250050ABA5 /* HRBrightnessCursor.m in Sources */ = {isa = PBXBuildFile; fileRef = 09D73A981F452C250050ABA5 /* HRBrightnessCursor.m */; };
		09D73AA91F452C250050ABA5 /* HRCgUtil.m in Sources */ = {isa = PBXBuildFile; fileRef = 09D73A9A1F452C250050ABA5 /* HRCgUtil.m */; };
		09D73AAA1F452C250050ABA5 /* HRColorCursor.m in Sources */ = {isa = PBXBuildFile; fileRef = 09D73A9C1F452C250050ABA5 /* HRColorCursor.m */; };
		09D73AAB1F452C250050ABA5 /* HRColorPickerView.m in Sources */ = {isa = PBXBuildFile; fileRef = 09D73A9F1F452C250050ABA5 /* HRColorPickerView.m */; };
		09D73AAC1F452C250050ABA5 /* HRColorPickerViewController.m in Sources */ = {isa = PBXBuildFile; fileRef = 09D73AA11F452C250050ABA5 /* HRColorPickerViewController.m */; };
		09D73AAD1F452C250050ABA5 /* HRColorUtil.m in Sources */ = {isa = PBXBuildFile; fileRef = 09D73AA31F452C250050ABA5 /* HRColorUtil.m */; };
		09D73AB31F452CE90050ABA5 /* editor.html in Resources */ = {isa = PBXBuildFile; fileRef = 09D73AAF1F452CE90050ABA5 /* editor.html */; };
		09D73AB41F452CE90050ABA5 /* ZSSRichTextEditor.js in Resources */ = {isa = PBXBuildFile; fileRef = 09D73AB01F452CE90050ABA5 /* ZSSRichTextEditor.js */; };
		09D73AB51F452CE90050ABA5 /* jQuery.js in Resources */ = {isa = PBXBuildFile; fileRef = 09D73AB11F452CE90050ABA5 /* jQuery.js */; };
		09D73AB61F452CE90050ABA5 /* JSBeautifier.js in Resources */ = {isa = PBXBuildFile; fileRef = 09D73AB21F452CE90050ABA5 /* JSBeautifier.js */; };
/* End PBXBuildFile section */

/* Begin PBXContainerItemProxy section */
		09B8D19C1F3ADD1E008501AA /* PBXContainerItemProxy */ = {
			isa = PBXContainerItemProxy;
			containerPortal = 09B8D17A1F3ADD1E008501AA /* Project object */;
			proxyType = 1;
			remoteGlobalIDString = 09B8D1811F3ADD1E008501AA;
			remoteInfo = LFWordView;
		};
		09B8D1A71F3ADD1E008501AA /* PBXContainerItemProxy */ = {
			isa = PBXContainerItemProxy;
			containerPortal = 09B8D17A1F3ADD1E008501AA /* Project object */;
			proxyType = 1;
			remoteGlobalIDString = 09B8D1811F3ADD1E008501AA;
			remoteInfo = LFWordView;
		};
/* End PBXContainerItemProxy section */

/* Begin PBXFileReference section */
		09B8D1821F3ADD1E008501AA /* LFWordView.app */ = {isa = PBXFileReference; explicitFileType = wrapper.application; includeInIndex = 0; path = LFWordView.app; sourceTree = BUILT_PRODUCTS_DIR; };
		09B8D1861F3ADD1E008501AA /* main.m */ = {isa = PBXFileReference; lastKnownFileType = sourcecode.c.objc; path = main.m; sourceTree = "<group>"; };
		09B8D1881F3ADD1E008501AA /* AppDelegate.h */ = {isa = PBXFileReference; lastKnownFileType = sourcecode.c.h; path = AppDelegate.h; sourceTree = "<group>"; };
		09B8D1891F3ADD1E008501AA /* AppDelegate.m */ = {isa = PBXFileReference; lastKnownFileType = sourcecode.c.objc; path = AppDelegate.m; sourceTree = "<group>"; };
		09B8D18B1F3ADD1E008501AA /* ViewController.h */ = {isa = PBXFileReference; lastKnownFileType = sourcecode.c.h; path = ViewController.h; sourceTree = "<group>"; };
		09B8D18C1F3ADD1E008501AA /* ViewController.m */ = {isa = PBXFileReference; lastKnownFileType = sourcecode.c.objc; path = ViewController.m; sourceTree = "<group>"; };
		09B8D18F1F3ADD1E008501AA /* Base */ = {isa = PBXFileReference; lastKnownFileType = file.storyboard; name = Base; path = Base.lproj/Main.storyboard; sourceTree = "<group>"; };
		09B8D1911F3ADD1E008501AA /* Assets.xcassets */ = {isa = PBXFileReference; lastKnownFileType = folder.assetcatalog; path = Assets.xcassets; sourceTree = "<group>"; };
		09B8D1941F3ADD1E008501AA /* Base */ = {isa = PBXFileReference; lastKnownFileType = file.storyboard; name = Base; path = Base.lproj/LaunchScreen.storyboard; sourceTree = "<group>"; };
		09B8D1961F3ADD1E008501AA /* Info.plist */ = {isa = PBXFileReference; lastKnownFileType = text.plist.xml; path = Info.plist; sourceTree = "<group>"; };
		09B8D19B1F3ADD1E008501AA /* LFWordViewTests.xctest */ = {isa = PBXFileReference; explicitFileType = wrapper.cfbundle; includeInIndex = 0; path = LFWordViewTests.xctest; sourceTree = BUILT_PRODUCTS_DIR; };
		09B8D19F1F3ADD1E008501AA /* LFWordViewTests.m */ = {isa = PBXFileReference; lastKnownFileType = sourcecode.c.objc; path = LFWordViewTests.m; sourceTree = "<group>"; };
		09B8D1A11F3ADD1E008501AA /* Info.plist */ = {isa = PBXFileReference; lastKnownFileType = text.plist.xml; path = Info.plist; sourceTree = "<group>"; };
		09B8D1A61F3ADD1E008501AA /* LFWordViewUITests.xctest */ = {isa = PBXFileReference; explicitFileType = wrapper.cfbundle; includeInIndex = 0; path = LFWordViewUITests.xctest; sourceTree = BUILT_PRODUCTS_DIR; };
		09B8D1AA1F3ADD1E008501AA /* LFWordViewUITests.m */ = {isa = PBXFileReference; lastKnownFileType = sourcecode.c.objc; path = LFWordViewUITests.m; sourceTree = "<group>"; };
		09B8D1AC1F3ADD1E008501AA /* Info.plist */ = {isa = PBXFileReference; lastKnownFileType = text.plist.xml; path = Info.plist; sourceTree = "<group>"; };
		09B8D1B81F3AE1A6008501AA /* LFAddWordController.h */ = {isa = PBXFileReference; fileEncoding = 4; lastKnownFileType = sourcecode.c.h; path = LFAddWordController.h; sourceTree = "<group>"; };
		09B8D1B91F3AE1A6008501AA /* LFAddWordController.m */ = {isa = PBXFileReference; fileEncoding = 4; lastKnownFileType = sourcecode.c.objc; path = LFAddWordController.m; sourceTree = "<group>"; };
		09B8D1BB1F3AE1C5008501AA /* LFEditWordController.h */ = {isa = PBXFileReference; fileEncoding = 4; lastKnownFileType = sourcecode.c.h; path = LFEditWordController.h; sourceTree = "<group>"; };
		09B8D1BC1F3AE1C5008501AA /* LFEditWordController.m */ = {isa = PBXFileReference; fileEncoding = 4; lastKnownFileType = sourcecode.c.objc; path = LFEditWordController.m; sourceTree = "<group>"; };
		09B8D1C61F3AEA29008501AA /* LFToolBarView.h */ = {isa = PBXFileReference; fileEncoding = 4; lastKnownFileType = sourcecode.c.h; path = LFToolBarView.h; sourceTree = "<group>"; };
		09B8D1C71F3AEA29008501AA /* LFToolBarView.m */ = {isa = PBXFileReference; fileEncoding = 4; lastKnownFileType = sourcecode.c.objc; path = LFToolBarView.m; sourceTree = "<group>"; };
		09B8D1CA1F3AEEEA008501AA /* img.png */ = {isa = PBXFileReference; lastKnownFileType = image.png; path = img.png; sourceTree = "<group>"; };
		09B8D1CB1F3AEEEA008501AA /* img@2x.png */ = {isa = PBXFileReference; lastKnownFileType = image.png; path = "img@2x.png"; sourceTree = "<group>"; };
		09B8D1CC1F3AEEEA008501AA /* img@3x.png */ = {isa = PBXFileReference; lastKnownFileType = image.png; path = "img@3x.png"; sourceTree = "<group>"; };
		09B8D1CD1F3AEEEA008501AA /* text-bold-active.png */ = {isa = PBXFileReference; lastKnownFileType = image.png; path = "text-bold-active.png"; sourceTree = "<group>"; };
		09B8D1CE1F3AEEEA008501AA /* text-bold-active@2x.png */ = {isa = PBXFileReference; lastKnownFileType = image.png; path = "text-bold-active@2x.png"; sourceTree = "<group>"; };
		09B8D1CF1F3AEEEA008501AA /* text-bold-active@3x.png */ = {isa = PBXFileReference; lastKnownFileType = image.png; path = "text-bold-active@3x.png"; sourceTree = "<group>"; };
		09B8D1D01F3AEEEA008501AA /* text-bold.png */ = {isa = PBXFileReference; lastKnownFileType = image.png; path = "text-bold.png"; sourceTree = "<group>"; };
		09B8D1D11F3AEEEA008501AA /* text-bold@2x.png */ = {isa = PBXFileReference; lastKnownFileType = image.png; path = "text-bold@2x.png"; sourceTree = "<group>"; };
		09B8D1D21F3AEEEA008501AA /* text-bold@3x.png */ = {isa = PBXFileReference; lastKnownFileType = image.png; path = "text-bold@3x.png"; sourceTree = "<group>"; };
		09B8D1D31F3AEEEA008501AA /* text-color.png */ = {isa = PBXFileReference; lastKnownFileType = image.png; path = "text-color.png"; sourceTree = "<group>"; };
		09B8D1D41F3AEEEA008501AA /* text-color@2x.png */ = {isa = PBXFileReference; lastKnownFileType = image.png; path = "text-color@2x.png"; sourceTree = "<group>"; };
		09B8D1D51F3AEEEA008501AA /* text-color@3x.png */ = {isa = PBXFileReference; lastKnownFileType = image.png; path = "text-color@3x.png"; sourceTree = "<group>"; };
		09B8D1D61F3AEEEA008501AA /* text-size.png */ = {isa = PBXFileReference; lastKnownFileType = image.png; path = "text-size.png"; sourceTree = "<group>"; };
		09B8D1D71F3AEEEA008501AA /* text-size@2x.png */ = {isa = PBXFileReference; lastKnownFileType = image.png; path = "text-size@2x.png"; sourceTree = "<group>"; };
		09B8D1D81F3AEEEA008501AA /* text-size@3x.png */ = {isa = PBXFileReference; lastKnownFileType = image.png; path = "text-size@3x.png"; sourceTree = "<group>"; };
		09B8D1D91F3AEEEA008501AA /* text-underline-active.png */ = {isa = PBXFileReference; lastKnownFileType = image.png; path = "text-underline-active.png"; sourceTree = "<group>"; };
		09B8D1DA1F3AEEEA008501AA /* text-underline-active@2x.png */ = {isa = PBXFileReference; lastKnownFileType = image.png; path = "text-underline-active@2x.png"; sourceTree = "<group>"; };
		09B8D1DB1F3AEEEA008501AA /* text-underline-active@3x.png */ = {isa = PBXFileReference; lastKnownFileType = image.png; path = "text-underline-active@3x.png"; sourceTree = "<group>"; };
		09B8D1DC1F3AEEEA008501AA /* text-underline.png */ = {isa = PBXFileReference; lastKnownFileType = image.png; path = "text-underline.png"; sourceTree = "<group>"; };
		09B8D1DD1F3AEEEA008501AA /* text-underline@2x.png */ = {isa = PBXFileReference; lastKnownFileType = image.png; path = "text-underline@2x.png"; sourceTree = "<group>"; };
		09B8D1DE1F3AEEEA008501AA /* text-underline@3x.png */ = {isa = PBXFileReference; lastKnownFileType = image.png; path = "text-underline@3x.png"; sourceTree = "<group>"; };
		09C37F251F4D0B26003234C1 /* ZSSBarButtonItem.h */ = {isa = PBXFileReference; fileEncoding = 4; lastKnownFileType = sourcecode.c.h; path = ZSSBarButtonItem.h; sourceTree = "<group>"; };
		09C37F261F4D0B26003234C1 /* ZSSBarButtonItem.m */ = {isa = PBXFileReference; fileEncoding = 4; lastKnownFileType = sourcecode.c.objc; path = ZSSBarButtonItem.m; sourceTree = "<group>"; };
		09C37F271F4D0B26003234C1 /* ZSSFontsViewController.h */ = {isa = PBXFileReference; fileEncoding = 4; lastKnownFileType = sourcecode.c.h; path = ZSSFontsViewController.h; sourceTree = "<group>"; };
		09C37F281F4D0B26003234C1 /* ZSSFontsViewController.m */ = {isa = PBXFileReference; fileEncoding = 4; lastKnownFileType = sourcecode.c.objc; path = ZSSFontsViewController.m; sourceTree = "<group>"; };
		09C37F291F4D0B26003234C1 /* ZSSRichTextEditor.h */ = {isa = PBXFileReference; fileEncoding = 4; lastKnownFileType = sourcecode.c.h; path = ZSSRichTextEditor.h; sourceTree = "<group>"; };
		09C37F2A1F4D0B26003234C1 /* ZSSRichTextEditor.m */ = {isa = PBXFileReference; fileEncoding = 4; lastKnownFileType = sourcecode.c.objc; path = ZSSRichTextEditor.m; sourceTree = "<group>"; };
		09C37F2B1F4D0B26003234C1 /* ZSSTextView.h */ = {isa = PBXFileReference; fileEncoding = 4; lastKnownFileType = sourcecode.c.h; path = ZSSTextView.h; sourceTree = "<group>"; };
		09C37F2C1F4D0B26003234C1 /* ZSSTextView.m */ = {isa = PBXFileReference; fileEncoding = 4; lastKnownFileType = sourcecode.c.objc; path = ZSSTextView.m; sourceTree = "<group>"; };
		09D73A8F1F452C250050ABA5 /* CYRLayoutManager.h */ = {isa = PBXFileReference; fileEncoding = 4; lastKnownFileType = sourcecode.c.h; path = CYRLayoutManager.h; sourceTree = "<group>"; };
		09D73A901F452C250050ABA5 /* CYRLayoutManager.m */ = {isa = PBXFileReference; fileEncoding = 4; lastKnownFileType = sourcecode.c.objc; path = CYRLayoutManager.m; sourceTree = "<group>"; };
		09D73A911F452C250050ABA5 /* CYRTextStorage.h */ = {isa = PBXFileReference; fileEncoding = 4; lastKnownFileType = sourcecode.c.h; path = CYRTextStorage.h; sourceTree = "<group>"; };
		09D73A921F452C250050ABA5 /* CYRTextStorage.m */ = {isa = PBXFileReference; fileEncoding = 4; lastKnownFileType = sourcecode.c.objc; path = CYRTextStorage.m; sourceTree = "<group>"; };
		09D73A931F452C250050ABA5 /* CYRTextView.h */ = {isa = PBXFileReference; fileEncoding = 4; lastKnownFileType = sourcecode.c.h; path = CYRTextView.h; sourceTree = "<group>"; };
		09D73A941F452C250050ABA5 /* CYRTextView.m */ = {isa = PBXFileReference; fileEncoding = 4; lastKnownFileType = sourcecode.c.objc; path = CYRTextView.m; sourceTree = "<group>"; };
		09D73A951F452C250050ABA5 /* CYRToken.h */ = {isa = PBXFileReference; fileEncoding = 4; lastKnownFileType = sourcecode.c.h; path = CYRToken.h; sourceTree = "<group>"; };
		09D73A961F452C250050ABA5 /* CYRToken.m */ = {isa = PBXFileReference; fileEncoding = 4; lastKnownFileType = sourcecode.c.objc; path = CYRToken.m; sourceTree = "<group>"; };
		09D73A971F452C250050ABA5 /* HRBrightnessCursor.h */ = {isa = PBXFileReference; fileEncoding = 4; lastKnownFileType = sourcecode.c.h; path = HRBrightnessCursor.h; sourceTree = "<group>"; };
		09D73A981F452C250050ABA5 /* HRBrightnessCursor.m */ = {isa = PBXFileReference; fileEncoding = 4; lastKnownFileType = sourcecode.c.objc; path = HRBrightnessCursor.m; sourceTree = "<group>"; };
		09D73A991F452C250050ABA5 /* HRCgUtil.h */ = {isa = PBXFileReference; fileEncoding = 4; lastKnownFileType = sourcecode.c.h; path = HRCgUtil.h; sourceTree = "<group>"; };
		09D73A9A1F452C250050ABA5 /* HRCgUtil.m */ = {isa = PBXFileReference; fileEncoding = 4; lastKnownFileType = sourcecode.c.objc; path = HRCgUtil.m; sourceTree = "<group>"; };
		09D73A9B1F452C250050ABA5 /* HRColorCursor.h */ = {isa = PBXFileReference; fileEncoding = 4; lastKnownFileType = sourcecode.c.h; path = HRColorCursor.h; sourceTree = "<group>"; };
		09D73A9C1F452C250050ABA5 /* HRColorCursor.m */ = {isa = PBXFileReference; fileEncoding = 4; lastKnownFileType = sourcecode.c.objc; path = HRColorCursor.m; sourceTree = "<group>"; };
		09D73A9D1F452C250050ABA5 /* HRColorPickerMacros.h */ = {isa = PBXFileReference; fileEncoding = 4; lastKnownFileType = sourcecode.c.h; path = HRColorPickerMacros.h; sourceTree = "<group>"; };
		09D73A9E1F452C250050ABA5 /* HRColorPickerView.h */ = {isa = PBXFileReference; fileEncoding = 4; lastKnownFileType = sourcecode.c.h; path = HRColorPickerView.h; sourceTree = "<group>"; };
		09D73A9F1F452C250050ABA5 /* HRColorPickerView.m */ = {isa = PBXFileReference; fileEncoding = 4; lastKnownFileType = sourcecode.c.objc; path = HRColorPickerView.m; sourceTree = "<group>"; };
		09D73AA01F452C250050ABA5 /* HRColorPickerViewController.h */ = {isa = PBXFileReference; fileEncoding = 4; lastKnownFileType = sourcecode.c.h; path = HRColorPickerViewController.h; sourceTree = "<group>"; };
		09D73AA11F452C250050ABA5 /* HRColorPickerViewController.m */ = {isa = PBXFileReference; fileEncoding = 4; lastKnownFileType = sourcecode.c.objc; path = HRColorPickerViewController.m; sourceTree = "<group>"; };
		09D73AA21F452C250050ABA5 /* HRColorUtil.h */ = {isa = PBXFileReference; fileEncoding = 4; lastKnownFileType = sourcecode.c.h; path = HRColorUtil.h; sourceTree = "<group>"; };
		09D73AA31F452C250050ABA5 /* HRColorUtil.m */ = {isa = PBXFileReference; fileEncoding = 4; lastKnownFileType = sourcecode.c.objc; path = HRColorUtil.m; sourceTree = "<group>"; };
		09D73AAF1F452CE90050ABA5 /* editor.html */ = {isa = PBXFileReference; fileEncoding = 4; lastKnownFileType = text.html; path = editor.html; sourceTree = "<group>"; };
		09D73AB01F452CE90050ABA5 /* ZSSRichTextEditor.js */ = {isa = PBXFileReference; fileEncoding = 4; lastKnownFileType = sourcecode.javascript; path = ZSSRichTextEditor.js; sourceTree = "<group>"; };
		09D73AB11F452CE90050ABA5 /* jQuery.js */ = {isa = PBXFileReference; fileEncoding = 4; lastKnownFileType = sourcecode.javascript; path = jQuery.js; sourceTree = "<group>"; };
		09D73AB21F452CE90050ABA5 /* JSBeautifier.js */ = {isa = PBXFileReference; fileEncoding = 4; lastKnownFileType = sourcecode.javascript; path = JSBeautifier.js; sourceTree = "<group>"; };
/* End PBXFileReference section */

/* Begin PBXFrameworksBuildPhase section */
		09B8D17F1F3ADD1E008501AA /* Frameworks */ = {
			isa = PBXFrameworksBuildPhase;
			buildActionMask = 2147483647;
			files = (
			);
			runOnlyForDeploymentPostprocessing = 0;
		};
		09B8D1981F3ADD1E008501AA /* Frameworks */ = {
			isa = PBXFrameworksBuildPhase;
			buildActionMask = 2147483647;
			files = (
			);
			runOnlyForDeploymentPostprocessing = 0;
		};
		09B8D1A31F3ADD1E008501AA /* Frameworks */ = {
			isa = PBXFrameworksBuildPhase;
			buildActionMask = 2147483647;
			files = (
			);
			runOnlyForDeploymentPostprocessing = 0;
		};
/* End PBXFrameworksBuildPhase section */

/* Begin PBXGroup section */
		09B8D1791F3ADD1E008501AA = {
			isa = PBXGroup;
			children = (
				09B8D1841F3ADD1E008501AA /* LFWordView */,
				09B8D19E1F3ADD1E008501AA /* LFWordViewTests */,
				09B8D1A91F3ADD1E008501AA /* LFWordViewUITests */,
				09B8D1831F3ADD1E008501AA /* Products */,
			);
			sourceTree = "<group>";
		};
		09B8D1831F3ADD1E008501AA /* Products */ = {
			isa = PBXGroup;
			children = (
				09B8D1821F3ADD1E008501AA /* LFWordView.app */,
				09B8D19B1F3ADD1E008501AA /* LFWordViewTests.xctest */,
				09B8D1A61F3ADD1E008501AA /* LFWordViewUITests.xctest */,
			);
			name = Products;
			sourceTree = "<group>";
		};
		09B8D1841F3ADD1E008501AA /* LFWordView */ = {
			isa = PBXGroup;
			children = (
				09B8D1C11F3AE2EA008501AA /* LFWord */,
				09B8D1881F3ADD1E008501AA /* AppDelegate.h */,
				09B8D1891F3ADD1E008501AA /* AppDelegate.m */,
				09B8D18B1F3ADD1E008501AA /* ViewController.h */,
				09B8D18C1F3ADD1E008501AA /* ViewController.m */,
				09B8D1B81F3AE1A6008501AA /* LFAddWordController.h */,
				09B8D1B91F3AE1A6008501AA /* LFAddWordController.m */,
				09B8D1BB1F3AE1C5008501AA /* LFEditWordController.h */,
				09B8D1BC1F3AE1C5008501AA /* LFEditWordController.m */,
				09B8D18E1F3ADD1E008501AA /* Main.storyboard */,
				09B8D1911F3ADD1E008501AA /* Assets.xcassets */,
				09B8D1931F3ADD1E008501AA /* LaunchScreen.storyboard */,
				09B8D1961F3ADD1E008501AA /* Info.plist */,
				09B8D1851F3ADD1E008501AA /* Supporting Files */,
			);
			path = LFWordView;
			sourceTree = "<group>";
		};
		09B8D1851F3ADD1E008501AA /* Supporting Files */ = {
			isa = PBXGroup;
			children = (
				09B8D1861F3ADD1E008501AA /* main.m */,
			);
			name = "Supporting Files";
			sourceTree = "<group>";
		};
		09B8D19E1F3ADD1E008501AA /* LFWordViewTests */ = {
			isa = PBXGroup;
			children = (
				09B8D19F1F3ADD1E008501AA /* LFWordViewTests.m */,
				09B8D1A11F3ADD1E008501AA /* Info.plist */,
			);
			path = LFWordViewTests;
			sourceTree = "<group>";
		};
		09B8D1A91F3ADD1E008501AA /* LFWordViewUITests */ = {
			isa = PBXGroup;
			children = (
				09B8D1AA1F3ADD1E008501AA /* LFWordViewUITests.m */,
				09B8D1AC1F3ADD1E008501AA /* Info.plist */,
			);
			path = LFWordViewUITests;
			sourceTree = "<group>";
		};
		09B8D1C11F3AE2EA008501AA /* LFWord */ = {
			isa = PBXGroup;
			children = (
				09D73AAE1F452CD80050ABA5 /* EditorResource */,
				09D73A8E1F452C250050ABA5 /* Third Party */,
				09B8D1C91F3AEEEA008501AA /* ImageFold */,
				09B8D1C61F3AEA29008501AA /* LFToolBarView.h */,
				09B8D1C71F3AEA29008501AA /* LFToolBarView.m */,
			);
			name = LFWord;
			sourceTree = "<group>";
		};
		09B8D1C91F3AEEEA008501AA /* ImageFold */ = {
			isa = PBXGroup;
			children = (
				09B8D1CA1F3AEEEA008501AA /* img.png */,
				09B8D1CB1F3AEEEA008501AA /* img@2x.png */,
				09B8D1CC1F3AEEEA008501AA /* img@3x.png */,
				09B8D1CD1F3AEEEA008501AA /* text-bold-active.png */,
				09B8D1CE1F3AEEEA008501AA /* text-bold-active@2x.png */,
				09B8D1CF1F3AEEEA008501AA /* text-bold-active@3x.png */,
				09B8D1D01F3AEEEA008501AA /* text-bold.png */,
				09B8D1D11F3AEEEA008501AA /* text-bold@2x.png */,
				09B8D1D21F3AEEEA008501AA /* text-bold@3x.png */,
				09B8D1D31F3AEEEA008501AA /* text-color.png */,
				09B8D1D41F3AEEEA008501AA /* text-color@2x.png */,
				09B8D1D51F3AEEEA008501AA /* text-color@3x.png */,
				09B8D1D61F3AEEEA008501AA /* text-size.png */,
				09B8D1D71F3AEEEA008501AA /* text-size@2x.png */,
				09B8D1D81F3AEEEA008501AA /* text-size@3x.png */,
				09B8D1D91F3AEEEA008501AA /* text-underline-active.png */,
				09B8D1DA1F3AEEEA008501AA /* text-underline-active@2x.png */,
				09B8D1DB1F3AEEEA008501AA /* text-underline-active@3x.png */,
				09B8D1DC1F3AEEEA008501AA /* text-underline.png */,
				09B8D1DD1F3AEEEA008501AA /* text-underline@2x.png */,
				09B8D1DE1F3AEEEA008501AA /* text-underline@3x.png */,
			);
			path = ImageFold;
			sourceTree = "<group>";
		};
		09D73A8E1F452C250050ABA5 /* Third Party */ = {
			isa = PBXGroup;
			children = (
				09D73ABD1F452D880050ABA5 /* Views */,
				09D73A8F1F452C250050ABA5 /* CYRLayoutManager.h */,
				09D73A901F452C250050ABA5 /* CYRLayoutManager.m */,
				09D73A911F452C250050ABA5 /* CYRTextStorage.h */,
				09D73A921F452C250050ABA5 /* CYRTextStorage.m */,
				09D73A931F452C250050ABA5 /* CYRTextView.h */,
				09D73A941F452C250050ABA5 /* CYRTextView.m */,
				09D73A951F452C250050ABA5 /* CYRToken.h */,
				09D73A961F452C250050ABA5 /* CYRToken.m */,
				09D73A971F452C250050ABA5 /* HRBrightnessCursor.h */,
				09D73A981F452C250050ABA5 /* HRBrightnessCursor.m */,
				09D73A991F452C250050ABA5 /* HRCgUtil.h */,
				09D73A9A1F452C250050ABA5 /* HRCgUtil.m */,
				09D73A9B1F452C250050ABA5 /* HRColorCursor.h */,
				09D73A9C1F452C250050ABA5 /* HRColorCursor.m */,
				09D73A9D1F452C250050ABA5 /* HRColorPickerMacros.h */,
				09D73A9E1F452C250050ABA5 /* HRColorPickerView.h */,
				09D73A9F1F452C250050ABA5 /* HRColorPickerView.m */,
				09D73AA01F452C250050ABA5 /* HRColorPickerViewController.h */,
				09D73AA11F452C250050ABA5 /* HRColorPickerViewController.m */,
				09D73AA21F452C250050ABA5 /* HRColorUtil.h */,
				09D73AA31F452C250050ABA5 /* HRColorUtil.m */,
			);
			path = "Third Party";
			sourceTree = "<group>";
		};
		09D73AAE1F452CD80050ABA5 /* EditorResource */ = {
			isa = PBXGroup;
			children = (
				09D73AAF1F452CE90050ABA5 /* editor.html */,
				09D73AB01F452CE90050ABA5 /* ZSSRichTextEditor.js */,
				09D73AB11F452CE90050ABA5 /* jQuery.js */,
				09D73AB21F452CE90050ABA5 /* JSBeautifier.js */,
				09C37F251F4D0B26003234C1 /* ZSSBarButtonItem.h */,
				09C37F261F4D0B26003234C1 /* ZSSBarButtonItem.m */,
				09C37F271F4D0B26003234C1 /* ZSSFontsViewController.h */,
				09C37F281F4D0B26003234C1 /* ZSSFontsViewController.m */,
				09C37F291F4D0B26003234C1 /* ZSSRichTextEditor.h */,
				09C37F2A1F4D0B26003234C1 /* ZSSRichTextEditor.m */,
				09C37F2B1F4D0B26003234C1 /* ZSSTextView.h */,
				09C37F2C1F4D0B26003234C1 /* ZSSTextView.m */,
			);
			path = EditorResource;
			sourceTree = "<group>";
		};
		09D73ABD1F452D880050ABA5 /* Views */ = {
			isa = PBXGroup;
			children = (
			);
			name = Views;
			path = "../../../../../Downloads/ZSSRichTextEditor-master-3/ZSSRichTextEditor";
			sourceTree = "<group>";
		};
/* End PBXGroup section */

/* Begin PBXNativeTarget section */
		09B8D1811F3ADD1E008501AA /* LFWordView */ = {
			isa = PBXNativeTarget;
			buildConfigurationList = 09B8D1AF1F3ADD1E008501AA /* Build configuration list for PBXNativeTarget "LFWordView" */;
			buildPhases = (
				09B8D17E1F3ADD1E008501AA /* Sources */,
				09B8D17F1F3ADD1E008501AA /* Frameworks */,
				09B8D1801F3ADD1E008501AA /* Resources */,
			);
			buildRules = (
			);
			dependencies = (
			);
			name = LFWordView;
			productName = LFWordView;
			productReference = 09B8D1821F3ADD1E008501AA /* LFWordView.app */;
			productType = "com.apple.product-type.application";
		};
		09B8D19A1F3ADD1E008501AA /* LFWordViewTests */ = {
			isa = PBXNativeTarget;
			buildConfigurationList = 09B8D1B21F3ADD1E008501AA /* Build configuration list for PBXNativeTarget "LFWordViewTests" */;
			buildPhases = (
				09B8D1971F3ADD1E008501AA /* Sources */,
				09B8D1981F3ADD1E008501AA /* Frameworks */,
				09B8D1991F3ADD1E008501AA /* Resources */,
			);
			buildRules = (
			);
			dependencies = (
				09B8D19D1F3ADD1E008501AA /* PBXTargetDependency */,
			);
			name = LFWordViewTests;
			productName = LFWordViewTests;
			productReference = 09B8D19B1F3ADD1E008501AA /* LFWordViewTests.xctest */;
			productType = "com.apple.product-type.bundle.unit-test";
		};
		09B8D1A51F3ADD1E008501AA /* LFWordViewUITests */ = {
			isa = PBXNativeTarget;
			buildConfigurationList = 09B8D1B51F3ADD1E008501AA /* Build configuration list for PBXNativeTarget "LFWordViewUITests" */;
			buildPhases = (
				09B8D1A21F3ADD1E008501AA /* Sources */,
				09B8D1A31F3ADD1E008501AA /* Frameworks */,
				09B8D1A41F3ADD1E008501AA /* Resources */,
			);
			buildRules = (
			);
			dependencies = (
				09B8D1A81F3ADD1E008501AA /* PBXTargetDependency */,
			);
			name = LFWordViewUITests;
			productName = LFWordViewUITests;
			productReference = 09B8D1A61F3ADD1E008501AA /* LFWordViewUITests.xctest */;
			productType = "com.apple.product-type.bundle.ui-testing";
		};
/* End PBXNativeTarget section */

/* Begin PBXProject section */
		09B8D17A1F3ADD1E008501AA /* Project object */ = {
			isa = PBXProject;
			attributes = {
				LastUpgradeCheck = 0830;
				ORGANIZATIONNAME = "吴林丰";
				TargetAttributes = {
					09B8D1811F3ADD1E008501AA = {
						CreatedOnToolsVersion = 8.3.2;
						ProvisioningStyle = Automatic;
					};
					09B8D19A1F3ADD1E008501AA = {
						CreatedOnToolsVersion = 8.3.2;
						ProvisioningStyle = Automatic;
						TestTargetID = 09B8D1811F3ADD1E008501AA;
					};
					09B8D1A51F3ADD1E008501AA = {
						CreatedOnToolsVersion = 8.3.2;
						ProvisioningStyle = Automatic;
						TestTargetID = 09B8D1811F3ADD1E008501AA;
					};
				};
			};
			buildConfigurationList = 09B8D17D1F3ADD1E008501AA /* Build configuration list for PBXProject "LFWordView" */;
			compatibilityVersion = "Xcode 3.2";
			developmentRegion = English;
			hasScannedForEncodings = 0;
			knownRegions = (
				en,
				Base,
			);
			mainGroup = 09B8D1791F3ADD1E008501AA;
			productRefGroup = 09B8D1831F3ADD1E008501AA /* Products */;
			projectDirPath = "";
			projectRoot = "";
			targets = (
				09B8D1811F3ADD1E008501AA /* LFWordView */,
				09B8D19A1F3ADD1E008501AA /* LFWordViewTests */,
				09B8D1A51F3ADD1E008501AA /* LFWordViewUITests */,
			);
		};
/* End PBXProject section */

/* Begin PBXResourcesBuildPhase section */
		09B8D1801F3ADD1E008501AA /* Resources */ = {
			isa = PBXResourcesBuildPhase;
			buildActionMask = 2147483647;
			files = (
				09B8D1F01F3AEEEA008501AA /* text-underline-active@3x.png in Resources */,
				09B8D1E81F3AEEEA008501AA /* text-color.png in Resources */,
				09B8D1E91F3AEEEA008501AA /* text-color@2x.png in Resources */,
				09B8D1F31F3AEEEA008501AA /* text-underline@3x.png in Resources */,
				09D73AB51F452CE90050ABA5 /* jQuery.js in Resources */,
				09B8D1E31F3AEEEA008501AA /* text-bold-active@2x.png in Resources */,
				09B8D1951F3ADD1E008501AA /* LaunchScreen.storyboard in Resources */,
				09B8D1E01F3AEEEA008501AA /* img@2x.png in Resources */,
				09B8D1921F3ADD1E008501AA /* Assets.xcassets in Resources */,
				09B8D1EF1F3AEEEA008501AA /* text-underline-active@2x.png in Resources */,
				09B8D1E21F3AEEEA008501AA /* text-bold-active.png in Resources */,
				09B8D1E61F3AEEEA008501AA /* text-bold@2x.png in Resources */,
				09B8D1EA1F3AEEEA008501AA /* text-color@3x.png in Resources */,
				09B8D1EC1F3AEEEA008501AA /* text-size@2x.png in Resources */,
				09B8D1901F3ADD1E008501AA /* Main.storyboard in Resources */,
				09B8D1ED1F3AEEEA008501AA /* text-size@3x.png in Resources */,
				09B8D1DF1F3AEEEA008501AA /* img.png in Resources */,
				09B8D1E11F3AEEEA008501AA /* img@3x.png in Resources */,
				09B8D1EE1F3AEEEA008501AA /* text-underline-active.png in Resources */,
				09D73AB61F452CE90050ABA5 /* JSBeautifier.js in Resources */,
				09B8D1E71F3AEEEA008501AA /* text-bold@3x.png in Resources */,
				09B8D1EB1F3AEEEA008501AA /* text-size.png in Resources */,
				09B8D1F11F3AEEEA008501AA /* text-underline.png in Resources */,
				09D73AB31F452CE90050ABA5 /* editor.html in Resources */,
				09B8D1E41F3AEEEA008501AA /* text-bold-active@3x.png in Resources */,
				09B8D1E51F3AEEEA008501AA /* text-bold.png in Resources */,
				09B8D1F21F3AEEEA008501AA /* text-underline@2x.png in Resources */,
				09D73AB41F452CE90050ABA5 /* ZSSRichTextEditor.js in Resources */,
			);
			runOnlyForDeploymentPostprocessing = 0;
		};
		09B8D1991F3ADD1E008501AA /* Resources */ = {
			isa = PBXResourcesBuildPhase;
			buildActionMask = 2147483647;
			files = (
			);
			runOnlyForDeploymentPostprocessing = 0;
		};
		09B8D1A41F3ADD1E008501AA /* Resources */ = {
			isa = PBXResourcesBuildPhase;
			buildActionMask = 2147483647;
			files = (
			);
			runOnlyForDeploymentPostprocessing = 0;
		};
/* End PBXResourcesBuildPhase section */

/* Begin PBXSourcesBuildPhase section */
		09B8D17E1F3ADD1E008501AA /* Sources */ = {
			isa = PBXSourcesBuildPhase;
			buildActionMask = 2147483647;
			files = (
				09D73AA81F452C250050ABA5 /* HRBrightnessCursor.m in Sources */,
				09D73AA71F452C250050ABA5 /* CYRToken.m in Sources */,
				09B8D1C81F3AEA29008501AA /* LFToolBarView.m in Sources */,
				09D73AA91F452C250050ABA5 /* HRCgUtil.m in Sources */,
				09B8D18D1F3ADD1E008501AA /* ViewController.m in Sources */,
				09B8D18A1F3ADD1E008501AA /* AppDelegate.m in Sources */,
				09D73AAC1F452C250050ABA5 /* HRColorPickerViewController.m in Sources */,
				09D73AAB1F452C250050ABA5 /* HRColorPickerView.m in Sources */,
				09D73AA51F452C250050ABA5 /* CYRTextStorage.m in Sources */,
				09D73AA41F452C250050ABA5 /* CYRLayoutManager.m in Sources */,
				09C37F2D1F4D0B26003234C1 /* ZSSBarButtonItem.m in Sources */,
				09D73AA61F452C250050ABA5 /* CYRTextView.m in Sources */,
				09B8D1BD1F3AE1C5008501AA /* LFEditWordController.m in Sources */,
				09C37F301F4D0B26003234C1 /* ZSSTextView.m in Sources */,
				09B8D1871F3ADD1E008501AA /* main.m in Sources */,
				09B8D1BA1F3AE1A6008501AA /* LFAddWordController.m in Sources */,
				09C37F2E1F4D0B26003234C1 /* ZSSFontsViewController.m in Sources */,
				09C37F2F1F4D0B26003234C1 /* ZSSRichTextEditor.m in Sources */,
				09D73AAA1F452C250050ABA5 /* HRColorCursor.m in Sources */,
				09D73AAD1F452C250050ABA5 /* HRColorUtil.m in Sources */,
			);
			runOnlyForDeploymentPostprocessing = 0;
		};
		09B8D1971F3ADD1E008501AA /* Sources */ = {
			isa = PBXSourcesBuildPhase;
			buildActionMask = 2147483647;
			files = (
				09B8D1A01F3ADD1E008501AA /* LFWordViewTests.m in Sources */,
			);
			runOnlyForDeploymentPostprocessing = 0;
		};
		09B8D1A21F3ADD1E008501AA /* Sources */ = {
			isa = PBXSourcesBuildPhase;
			buildActionMask = 2147483647;
			files = (
				09B8D1AB1F3ADD1E008501AA /* LFWordViewUITests.m in Sources */,
			);
			runOnlyForDeploymentPostprocessing = 0;
		};
/* End PBXSourcesBuildPhase section */

/* Begin PBXTargetDependency section */
		09B8D19D1F3ADD1E008501AA /* PBXTargetDependency */ = {
			isa = PBXTargetDependency;
			target = 09B8D1811F3ADD1E008501AA /* LFWordView */;
			targetProxy = 09B8D19C1F3ADD1E008501AA /* PBXContainerItemProxy */;
		};
		09B8D1A81F3ADD1E008501AA /* PBXTargetDependency */ = {
			isa = PBXTargetDependency;
			target = 09B8D1811F3ADD1E008501AA /* LFWordView */;
			targetProxy = 09B8D1A71F3ADD1E008501AA /* PBXContainerItemProxy */;
		};
/* End PBXTargetDependency section */

/* Begin PBXVariantGroup section */
		09B8D18E1F3ADD1E008501AA /* Main.storyboard */ = {
			isa = PBXVariantGroup;
			children = (
				09B8D18F1F3ADD1E008501AA /* Base */,
			);
			name = Main.storyboard;
			sourceTree = "<group>";
		};
		09B8D1931F3ADD1E008501AA /* LaunchScreen.storyboard */ = {
			isa = PBXVariantGroup;
			children = (
				09B8D1941F3ADD1E008501AA /* Base */,
			);
			name = LaunchScreen.storyboard;
			sourceTree = "<group>";
		};
/* End PBXVariantGroup section */

/* Begin XCBuildConfiguration section */
		09B8D1AD1F3ADD1E008501AA /* Debug */ = {
			isa = XCBuildConfiguration;
			buildSettings = {
				ALWAYS_SEARCH_USER_PATHS = NO;
				CLANG_ANALYZER_NONNULL = YES;
				CLANG_ANALYZER_NUMBER_OBJECT_CONVERSION = YES_AGGRESSIVE;
				CLANG_CXX_LANGUAGE_STANDARD = "gnu++0x";
				CLANG_CXX_LIBRARY = "libc++";
				CLANG_ENABLE_MODULES = YES;
				CLANG_ENABLE_OBJC_ARC = YES;
				CLANG_WARN_BOOL_CONVERSION = YES;
				CLANG_WARN_CONSTANT_CONVERSION = YES;
				CLANG_WARN_DIRECT_OBJC_ISA_USAGE = YES_ERROR;
				CLANG_WARN_DOCUMENTATION_COMMENTS = YES;
				CLANG_WARN_EMPTY_BODY = YES;
				CLANG_WARN_ENUM_CONVERSION = YES;
				CLANG_WARN_INFINITE_RECURSION = YES;
				CLANG_WARN_INT_CONVERSION = YES;
				CLANG_WARN_OBJC_ROOT_CLASS = YES_ERROR;
				CLANG_WARN_SUSPICIOUS_MOVE = YES;
				CLANG_WARN_UNREACHABLE_CODE = YES;
				CLANG_WARN__DUPLICATE_METHOD_MATCH = YES;
				"CODE_SIGN_IDENTITY[sdk=iphoneos*]" = "iPhone Developer";
				COPY_PHASE_STRIP = NO;
				DEBUG_INFORMATION_FORMAT = dwarf;
				ENABLE_STRICT_OBJC_MSGSEND = YES;
				ENABLE_TESTABILITY = YES;
				GCC_C_LANGUAGE_STANDARD = gnu99;
				GCC_DYNAMIC_NO_PIC = NO;
				GCC_NO_COMMON_BLOCKS = YES;
				GCC_OPTIMIZATION_LEVEL = 0;
				GCC_PREPROCESSOR_DEFINITIONS = (
					"DEBUG=1",
					"$(inherited)",
				);
				GCC_WARN_64_TO_32_BIT_CONVERSION = YES;
				GCC_WARN_ABOUT_RETURN_TYPE = YES_ERROR;
				GCC_WARN_UNDECLARED_SELECTOR = YES;
				GCC_WARN_UNINITIALIZED_AUTOS = YES_AGGRESSIVE;
				GCC_WARN_UNUSED_FUNCTION = YES;
				GCC_WARN_UNUSED_VARIABLE = YES;
				IPHONEOS_DEPLOYMENT_TARGET = 10.3;
				MTL_ENABLE_DEBUG_INFO = YES;
				ONLY_ACTIVE_ARCH = YES;
				SDKROOT = iphoneos;
				TARGETED_DEVICE_FAMILY = "1,2";
			};
			name = Debug;
		};
		09B8D1AE1F3ADD1E008501AA /* Release */ = {
			isa = XCBuildConfiguration;
			buildSettings = {
				ALWAYS_SEARCH_USER_PATHS = NO;
				CLANG_ANALYZER_NONNULL = YES;
				CLANG_ANALYZER_NUMBER_OBJECT_CONVERSION = YES_AGGRESSIVE;
				CLANG_CXX_LANGUAGE_STANDARD = "gnu++0x";
				CLANG_CXX_LIBRARY = "libc++";
				CLANG_ENABLE_MODULES = YES;
				CLANG_ENABLE_OBJC_ARC = YES;
				CLANG_WARN_BOOL_CONVERSION = YES;
				CLANG_WARN_CONSTANT_CONVERSION = YES;
				CLANG_WARN_DIRECT_OBJC_ISA_USAGE = YES_ERROR;
				CLANG_WARN_DOCUMENTATION_COMMENTS = YES;
				CLANG_WARN_EMPTY_BODY = YES;
				CLANG_WARN_ENUM_CONVERSION = YES;
				CLANG_WARN_INFINITE_RECURSION = YES;
				CLANG_WARN_INT_CONVERSION = YES;
				CLANG_WARN_OBJC_ROOT_CLASS = YES_ERROR;
				CLANG_WARN_SUSPICIOUS_MOVE = YES;
				CLANG_WARN_UNREACHABLE_CODE = YES;
				CLANG_WARN__DUPLICATE_METHOD_MATCH = YES;
				"CODE_SIGN_IDENTITY[sdk=iphoneos*]" = "iPhone Developer";
				COPY_PHASE_STRIP = NO;
				DEBUG_INFORMATION_FORMAT = "dwarf-with-dsym";
				ENABLE_NS_ASSERTIONS = NO;
				ENABLE_STRICT_OBJC_MSGSEND = YES;
				GCC_C_LANGUAGE_STANDARD = gnu99;
				GCC_NO_COMMON_BLOCKS = YES;
				GCC_WARN_64_TO_32_BIT_CONVERSION = YES;
				GCC_WARN_ABOUT_RETURN_TYPE = YES_ERROR;
				GCC_WARN_UNDECLARED_SELECTOR = YES;
				GCC_WARN_UNINITIALIZED_AUTOS = YES_AGGRESSIVE;
				GCC_WARN_UNUSED_FUNCTION = YES;
				GCC_WARN_UNUSED_VARIABLE = YES;
				IPHONEOS_DEPLOYMENT_TARGET = 10.3;
				MTL_ENABLE_DEBUG_INFO = NO;
				SDKROOT = iphoneos;
				TARGETED_DEVICE_FAMILY = "1,2";
				VALIDATE_PRODUCT = YES;
			};
			name = Release;
		};
		09B8D1B01F3ADD1E008501AA /* Debug */ = {
			isa = XCBuildConfiguration;
			buildSettings = {
				ASSETCATALOG_COMPILER_APPICON_NAME = AppIcon;
				INFOPLIST_FILE = LFWordView/Info.plist;
				LD_RUNPATH_SEARCH_PATHS = "$(inherited) @executable_path/Frameworks";
				PRODUCT_BUNDLE_IDENTIFIER = WLF.LFWordView;
				PRODUCT_NAME = "$(TARGET_NAME)";
			};
			name = Debug;
		};
		09B8D1B11F3ADD1E008501AA /* Release */ = {
			isa = XCBuildConfiguration;
			buildSettings = {
				ASSETCATALOG_COMPILER_APPICON_NAME = AppIcon;
				INFOPLIST_FILE = LFWordView/Info.plist;
				LD_RUNPATH_SEARCH_PATHS = "$(inherited) @executable_path/Frameworks";
				PRODUCT_BUNDLE_IDENTIFIER = WLF.LFWordView;
				PRODUCT_NAME = "$(TARGET_NAME)";
			};
			name = Release;
		};
		09B8D1B31F3ADD1E008501AA /* Debug */ = {
			isa = XCBuildConfiguration;
			buildSettings = {
				BUNDLE_LOADER = "$(TEST_HOST)";
				INFOPLIST_FILE = LFWordViewTests/Info.plist;
				LD_RUNPATH_SEARCH_PATHS = "$(inherited) @executable_path/Frameworks @loader_path/Frameworks";
				PRODUCT_BUNDLE_IDENTIFIER = WLF.LFWordViewTests;
				PRODUCT_NAME = "$(TARGET_NAME)";
				TEST_HOST = "$(BUILT_PRODUCTS_DIR)/LFWordView.app/LFWordView";
			};
			name = Debug;
		};
		09B8D1B41F3ADD1E008501AA /* Release */ = {
			isa = XCBuildConfiguration;
			buildSettings = {
				BUNDLE_LOADER = "$(TEST_HOST)";
				INFOPLIST_FILE = LFWordViewTests/Info.plist;
				LD_RUNPATH_SEARCH_PATHS = "$(inherited) @executable_path/Frameworks @loader_path/Frameworks";
				PRODUCT_BUNDLE_IDENTIFIER = WLF.LFWordViewTests;
				PRODUCT_NAME = "$(TARGET_NAME)";
				TEST_HOST = "$(BUILT_PRODUCTS_DIR)/LFWordView.app/LFWordView";
			};
			name = Release;
		};
		09B8D1B61F3ADD1E008501AA /* Debug */ = {
			isa = XCBuildConfiguration;
			buildSettings = {
				INFOPLIST_FILE = LFWordViewUITests/Info.plist;
				LD_RUNPATH_SEARCH_PATHS = "$(inherited) @executable_path/Frameworks @loader_path/Frameworks";
				PRODUCT_BUNDLE_IDENTIFIER = WLF.LFWordViewUITests;
				PRODUCT_NAME = "$(TARGET_NAME)";
				TEST_TARGET_NAME = LFWordView;
			};
			name = Debug;
		};
		09B8D1B71F3ADD1E008501AA /* Release */ = {
			isa = XCBuildConfiguration;
			buildSettings = {
				INFOPLIST_FILE = LFWordViewUITests/Info.plist;
				LD_RUNPATH_SEARCH_PATHS = "$(inherited) @executable_path/Frameworks @loader_path/Frameworks";
				PRODUCT_BUNDLE_IDENTIFIER = WLF.LFWordViewUITests;
				PRODUCT_NAME = "$(TARGET_NAME)";
				TEST_TARGET_NAME = LFWordView;
			};
			name = Release;
		};
/* End XCBuildConfiguration section */

/* Begin XCConfigurationList section */
		09B8D17D1F3ADD1E008501AA /* Build configuration list for PBXProject "LFWordView" */ = {
			isa = XCConfigurationList;
			buildConfigurations = (
				09B8D1AD1F3ADD1E008501AA /* Debug */,
				09B8D1AE1F3ADD1E008501AA /* Release */,
			);
			defaultConfigurationIsVisible = 0;
			defaultConfigurationName = Release;
		};
		09B8D1AF1F3ADD1E008501AA /* Build configuration list for PBXNativeTarget "LFWordView" */ = {
			isa = XCConfigurationList;
			buildConfigurations = (
				09B8D1B01F3ADD1E008501AA /* Debug */,
				09B8D1B11F3ADD1E008501AA /* Release */,
			);
			defaultConfigurationIsVisible = 0;
			defaultConfigurationName = Release;
		};
		09B8D1B21F3ADD1E008501AA /* Build configuration list for PBXNativeTarget "LFWordViewTests" */ = {
			isa = XCConfigurationList;
			buildConfigurations = (
				09B8D1B31F3ADD1E008501AA /* Debug */,
				09B8D1B41F3ADD1E008501AA /* Release */,
			);
			defaultConfigurationIsVisible = 0;
			defaultConfigurationName = Release;
		};
		09B8D1B51F3ADD1E008501AA /* Build configuration list for PBXNativeTarget "LFWordViewUITests" */ = {
			isa = XCConfigurationList;
			buildConfigurations = (
				09B8D1B61F3ADD1E008501AA /* Debug */,
				09B8D1B71F3ADD1E008501AA /* Release */,
			);
			defaultConfigurationIsVisible = 0;
			defaultConfigurationName = Release;
		};
/* End XCConfigurationList section */
	};
	rootObject = 09B8D17A1F3ADD1E008501AA /* Project object */;
}
